
Microsoft Visual Studio Solution File, Format Version 12.00
# Visual Studio Version 17
VisualStudioVersion = 17.1.32414.318
MinimumVisualStudioVersion = 10.0.40219.1
Project("{FAE04EC0-301F-11D3-BF4B-00C04F79EFBC}") = "OneCatalog.ElasticEngine.Sample", "OneCatalog.ElasticEngine.Sample\OneCatalog.ElasticEngine.Sample.csproj", "{A8169625-3633-4F59-AC57-CEFE9EFCCDDE}"
EndProject
Global
	GlobalSection(SolutionConfigurationPlatforms) = preSolution
		Debug|Any CPU = Debug|Any CPU
		Release|Any CPU = Release|Any CPU
	EndGlobalSection
	GlobalSection(ProjectConfigurationPlatforms) = postSolution
		{A8169625-3633-4F59-AC57-CEFE9EFCCDDE}.Debug|Any CPU.ActiveCfg = Debug|Any CPU
		{A8169625-3633-4F59-AC57-CEFE9EFCCDDE}.Debug|Any CPU.Build.0 = Debug|Any CPU
		{A8169625-3633-4F59-AC57-CEFE9EFCCDDE}.Release|Any CPU.ActiveCfg = Release|Any CPU
		{A8169625-3633-4F59-AC57-CEFE9EFCCDDE}.Release|Any CPU.Build.0 = Release|Any CPU
	EndGlobalSection
	GlobalSection(SolutionProperties) = preSolution
		HideSolutionNode = FALSE
	EndGlobalSection
	GlobalSection(ExtensibilityGlobals) = postSolution
		SolutionGuid = {EDD00875-EF04-4372-A005-B9173B36497D}
	EndGlobalSection
EndGlobal
